
Microsoft Visual Studio Solution File, Format Version 12.00
# Visual Studio Version 17
VisualStudioVersion = 17.6.33417.168
MinimumVisualStudioVersion = 10.0.40219.1
Project("{9A19103F-16F7-4668-BE54-9A1E7A4F7556}") = "TestTask", "TestTask\TestTask.csproj", "{E97F7301-98D1-4ED1-B3F1-1B97DC727868}"
EndProject
Project("{FAE04EC0-301F-11D3-BF4B-00C04F79EFBC}") = "TestTask.Test", "TestTask.Test\TestTask.Test.csproj", "{3DBD4EE5-6EE8-44DD-9223-41A9577EF174}"
EndProject
Global
	GlobalSection(SolutionConfigurationPlatforms) = preSolution
		Debug|Any CPU = Debug|Any CPU
		Release|Any CPU = Release|Any CPU
	EndGlobalSection
	GlobalSection(ProjectConfigurationPlatforms) = postSolution
		{E97F7301-98D1-4ED1-B3F1-1B97DC727868}.Debug|Any CPU.ActiveCfg = Debug|Any CPU
		{E97F7301-98D1-4ED1-B3F1-1B97DC727868}.Debug|Any CPU.Build.0 = Debug|Any CPU
		{E97F7301-98D1-4ED1-B3F1-1B97DC727868}.Release|Any CPU.ActiveCfg = Release|Any CPU
		{E97F7301-98D1-4ED1-B3F1-1B97DC727868}.Release|Any CPU.Build.0 = Release|Any CPU
		{3DBD4EE5-6EE8-44DD-9223-41A9577EF174}.Debug|Any CPU.ActiveCfg = Debug|Any CPU
		{3DBD4EE5-6EE8-44DD-9223-41A9577EF174}.Debug|Any CPU.Build.0 = Debug|Any CPU
		{3DBD4EE5-6EE8-44DD-9223-41A9577EF174}.Release|Any CPU.ActiveCfg = Release|Any CPU
		{3DBD4EE5-6EE8-44DD-9223-41A9577EF174}.Release|Any CPU.Build.0 = Release|Any CPU
	EndGlobalSection
	GlobalSection(SolutionProperties) = preSolution
		HideSolutionNode = FALSE
	EndGlobalSection
	GlobalSection(ExtensibilityGlobals) = postSolution
		SolutionGuid = {0E3FB58C-482E-4600-AC1F-DEE3201FE51E}
	EndGlobalSection
EndGlobal
